
Microsoft Visual Studio Solution File, Format Version 12.00
# Visual Studio Version 17
VisualStudioVersion = 17.7.34024.191
MinimumVisualStudioVersion = 10.0.40219.1
Project("{FAE04EC0-301F-11D3-BF4B-00C04F79EFBC}") = "FizzBuzz", "FizzBuzz.csproj", "{1072A0C0-D73B-4E71-B3BF-7DC6084C15A3}"
EndProject
Global
	GlobalSection(SolutionConfigurationPlatforms) = preSolution
		Debug|Any CPU = Debug|Any CPU
		Release|Any CPU = Release|Any CPU
	EndGlobalSection
	GlobalSection(ProjectConfigurationPlatforms) = postSolution
		{1072A0C0-D73B-4E71-B3BF-7DC6084C15A3}.Debug|Any CPU.ActiveCfg = Debug|Any CPU
		{1072A0C0-D73B-4E71-B3BF-7DC6084C15A3}.Debug|Any CPU.Build.0 = Debug|Any CPU
		{1072A0C0-D73B-4E71-B3BF-7DC6084C15A3}.Release|Any CPU.ActiveCfg = Release|Any CPU
		{1072A0C0-D73B-4E71-B3BF-7DC6084C15A3}.Release|Any CPU.Build.0 = Release|Any CPU
	EndGlobalSection
	GlobalSection(SolutionProperties) = preSolution
		HideSolutionNode = FALSE
	EndGlobalSection
	GlobalSection(ExtensibilityGlobals) = postSolution
		SolutionGuid = {2A20AC9D-BF31-441F-92B4-45DB3858626E}
	EndGlobalSection
EndGlobal
